
Microsoft Visual Studio Solution File, Format Version 12.00
# Visual Studio Version 17
VisualStudioVersion = 17.10.35027.167
MinimumVisualStudioVersion = 10.0.40219.1
Project("{FAE04EC0-301F-11D3-BF4B-00C04F79EFBC}") = "MauiAppGuiaCurso", "MauiAppGuiaCurso.csproj", "{7F5D26FD-1292-408F-9364-79A2B9631EAB}"
EndProject
Global
	GlobalSection(SolutionConfigurationPlatforms) = preSolution
		Debug|Any CPU = Debug|Any CPU
		Release|Any CPU = Release|Any CPU
	EndGlobalSection
	GlobalSection(ProjectConfigurationPlatforms) = postSolution
		{7F5D26FD-1292-408F-9364-79A2B9631EAB}.Debug|Any CPU.ActiveCfg = Debug|Any CPU
		{7F5D26FD-1292-408F-9364-79A2B9631EAB}.Debug|Any CPU.Build.0 = Debug|Any CPU
		{7F5D26FD-1292-408F-9364-79A2B9631EAB}.Debug|Any CPU.Deploy.0 = Debug|Any CPU
		{7F5D26FD-1292-408F-9364-79A2B9631EAB}.Release|Any CPU.ActiveCfg = Release|Any CPU
		{7F5D26FD-1292-408F-9364-79A2B9631EAB}.Release|Any CPU.Build.0 = Release|Any CPU
		{7F5D26FD-1292-408F-9364-79A2B9631EAB}.Release|Any CPU.Deploy.0 = Release|Any CPU
	EndGlobalSection
	GlobalSection(SolutionProperties) = preSolution
		HideSolutionNode = FALSE
	EndGlobalSection
	GlobalSection(ExtensibilityGlobals) = postSolution
		SolutionGuid = {D49015F1-D4E2-4497-AD80-DE3D7928E1F7}
	EndGlobalSection
EndGlobal
